
Microsoft Visual Studio Solution File, Format Version 12.00
# Visual Studio Version 17
VisualStudioVersion = 17.0.31903.59
MinimumVisualStudioVersion = 10.0.40219.1
Project("{2150E333-8FDC-42A3-9474-1A3956D46DE8}") = "Src", "Src", "{165A0BDB-4EE7-4AB7-B1CB-C157EA48C766}"
EndProject
Project("{FAE04EC0-301F-11D3-BF4B-00C04F79EFBC}") = "AMAK.API", "Src\AMAK.API\AMAK.API.csproj", "{28E4DEB5-4027-410B-9D87-251F36D1ACE6}"
EndProject
Project("{FAE04EC0-301F-11D3-BF4B-00C04F79EFBC}") = "AMAK.Infrastructure", "Src\AMAK.Infrastructure\AMAK.Infrastructure.csproj", "{D48D9319-DA68-4777-814D-D51F4D3CDCFF}"
EndProject
Project("{FAE04EC0-301F-11D3-BF4B-00C04F79EFBC}") = "AMAK.Application", "Src\AMAK.Application\AMAK.Application.csproj", "{11E747CA-109E-4F2B-AC7C-D73B46FF6C70}"
EndProject
Project("{FAE04EC0-301F-11D3-BF4B-00C04F79EFBC}") = "AMAK.Domain", "Src\AMAK.Domain\AMAK.Domain.csproj", "{45F04119-9540-4A5D-8630-E85F4339A9D3}"
EndProject
Project("{2150E333-8FDC-42A3-9474-1A3956D46DE8}") = "Tests", "Tests", "{9923666F-5B76-420B-AC06-F05EB7EC13F2}"
EndProject
Project("{FAE04EC0-301F-11D3-BF4B-00C04F79EFBC}") = "AMAK.Application.UnitTests", "Tests\AMAK.Application.UnitTests\AMAK.Application.UnitTests.csproj", "{97934436-B9E2-4BCD-A82B-081FCA565959}"
EndProject
Project("{FAE04EC0-301F-11D3-BF4B-00C04F79EFBC}") = "AMAK.Service.API.IntegrationTests", "Tests\AMAK.Service.API.IntegrationTests\AMAK.Service.API.IntegrationTests.csproj", "{673640CB-B387-44BE-A622-BD4D0EF46D35}"
EndProject
Global
	GlobalSection(SolutionConfigurationPlatforms) = preSolution
		Debug|Any CPU = Debug|Any CPU
		Release|Any CPU = Release|Any CPU
	EndGlobalSection
	GlobalSection(SolutionProperties) = preSolution
		HideSolutionNode = FALSE
	EndGlobalSection
	GlobalSection(ProjectConfigurationPlatforms) = postSolution
		{28E4DEB5-4027-410B-9D87-251F36D1ACE6}.Debug|Any CPU.ActiveCfg = Debug|Any CPU
		{28E4DEB5-4027-410B-9D87-251F36D1ACE6}.Debug|Any CPU.Build.0 = Debug|Any CPU
		{28E4DEB5-4027-410B-9D87-251F36D1ACE6}.Release|Any CPU.ActiveCfg = Release|Any CPU
		{28E4DEB5-4027-410B-9D87-251F36D1ACE6}.Release|Any CPU.Build.0 = Release|Any CPU
		{D48D9319-DA68-4777-814D-D51F4D3CDCFF}.Debug|Any CPU.ActiveCfg = Debug|Any CPU
		{D48D9319-DA68-4777-814D-D51F4D3CDCFF}.Debug|Any CPU.Build.0 = Debug|Any CPU
		{D48D9319-DA68-4777-814D-D51F4D3CDCFF}.Release|Any CPU.ActiveCfg = Release|Any CPU
		{D48D9319-DA68-4777-814D-D51F4D3CDCFF}.Release|Any CPU.Build.0 = Release|Any CPU
		{11E747CA-109E-4F2B-AC7C-D73B46FF6C70}.Debug|Any CPU.ActiveCfg = Debug|Any CPU
		{11E747CA-109E-4F2B-AC7C-D73B46FF6C70}.Debug|Any CPU.Build.0 = Debug|Any CPU
		{11E747CA-109E-4F2B-AC7C-D73B46FF6C70}.Release|Any CPU.ActiveCfg = Release|Any CPU
		{11E747CA-109E-4F2B-AC7C-D73B46FF6C70}.Release|Any CPU.Build.0 = Release|Any CPU
		{45F04119-9540-4A5D-8630-E85F4339A9D3}.Debug|Any CPU.ActiveCfg = Debug|Any CPU
		{45F04119-9540-4A5D-8630-E85F4339A9D3}.Debug|Any CPU.Build.0 = Debug|Any CPU
		{45F04119-9540-4A5D-8630-E85F4339A9D3}.Release|Any CPU.ActiveCfg = Release|Any CPU
		{45F04119-9540-4A5D-8630-E85F4339A9D3}.Release|Any CPU.Build.0 = Release|Any CPU
		{97934436-B9E2-4BCD-A82B-081FCA565959}.Debug|Any CPU.ActiveCfg = Debug|Any CPU
		{97934436-B9E2-4BCD-A82B-081FCA565959}.Debug|Any CPU.Build.0 = Debug|Any CPU
		{97934436-B9E2-4BCD-A82B-081FCA565959}.Release|Any CPU.ActiveCfg = Release|Any CPU
		{97934436-B9E2-4BCD-A82B-081FCA565959}.Release|Any CPU.Build.0 = Release|Any CPU
		{673640CB-B387-44BE-A622-BD4D0EF46D35}.Debug|Any CPU.ActiveCfg = Debug|Any CPU
		{673640CB-B387-44BE-A622-BD4D0EF46D35}.Debug|Any CPU.Build.0 = Debug|Any CPU
		{673640CB-B387-44BE-A622-BD4D0EF46D35}.Release|Any CPU.ActiveCfg = Release|Any CPU
		{673640CB-B387-44BE-A622-BD4D0EF46D35}.Release|Any CPU.Build.0 = Release|Any CPU
	EndGlobalSection
	GlobalSection(NestedProjects) = preSolution
		{28E4DEB5-4027-410B-9D87-251F36D1ACE6} = {165A0BDB-4EE7-4AB7-B1CB-C157EA48C766}
		{D48D9319-DA68-4777-814D-D51F4D3CDCFF} = {165A0BDB-4EE7-4AB7-B1CB-C157EA48C766}
		{11E747CA-109E-4F2B-AC7C-D73B46FF6C70} = {165A0BDB-4EE7-4AB7-B1CB-C157EA48C766}
		{45F04119-9540-4A5D-8630-E85F4339A9D3} = {165A0BDB-4EE7-4AB7-B1CB-C157EA48C766}
		{97934436-B9E2-4BCD-A82B-081FCA565959} = {9923666F-5B76-420B-AC06-F05EB7EC13F2}
		{673640CB-B387-44BE-A622-BD4D0EF46D35} = {9923666F-5B76-420B-AC06-F05EB7EC13F2}
	EndGlobalSection
EndGlobal
